
Microsoft Visual Studio Solution File, Format Version 12.00
# Visual Studio Version 17
VisualStudioVersion = 17.8.34525.116
MinimumVisualStudioVersion = 10.0.40219.1
Project("{9A19103F-16F7-4668-BE54-9A1E7A4F7556}") = "ShoeWebStore", "ShoeWebStore\ShoeWebStore.csproj", "{B8540137-A513-4464-9DF2-05ED392D88F3}"
EndProject
Project("{9A19103F-16F7-4668-BE54-9A1E7A4F7556}") = "ShoeWebStore.Models", "ShoeWebStore.Models\ShoeWebStore.Models.csproj", "{BA51697D-B9C0-4043-BB52-555E6772BA0D}"
EndProject
Project("{9A19103F-16F7-4668-BE54-9A1E7A4F7556}") = "ShoeWebStore.DataAccess", "ShoeWebStore.DataAccess\ShoeWebStore.DataAccess.csproj", "{01736A77-E8C9-433F-BE83-67FC0266C59F}"
EndProject
Project("{9A19103F-16F7-4668-BE54-9A1E7A4F7556}") = "ShoeWebStore.Utility", "ShoeWebStore.Utility\ShoeWebStore.Utility.csproj", "{8381309B-26E9-48B8-9611-CC420139E0A2}"
EndProject
Global
	GlobalSection(SolutionConfigurationPlatforms) = preSolution
		Debug|Any CPU = Debug|Any CPU
		Release|Any CPU = Release|Any CPU
	EndGlobalSection
	GlobalSection(ProjectConfigurationPlatforms) = postSolution
		{B8540137-A513-4464-9DF2-05ED392D88F3}.Debug|Any CPU.ActiveCfg = Debug|Any CPU
		{B8540137-A513-4464-9DF2-05ED392D88F3}.Debug|Any CPU.Build.0 = Debug|Any CPU
		{B8540137-A513-4464-9DF2-05ED392D88F3}.Release|Any CPU.ActiveCfg = Release|Any CPU
		{B8540137-A513-4464-9DF2-05ED392D88F3}.Release|Any CPU.Build.0 = Release|Any CPU
		{BA51697D-B9C0-4043-BB52-555E6772BA0D}.Debug|Any CPU.ActiveCfg = Debug|Any CPU
		{BA51697D-B9C0-4043-BB52-555E6772BA0D}.Debug|Any CPU.Build.0 = Debug|Any CPU
		{BA51697D-B9C0-4043-BB52-555E6772BA0D}.Release|Any CPU.ActiveCfg = Release|Any CPU
		{BA51697D-B9C0-4043-BB52-555E6772BA0D}.Release|Any CPU.Build.0 = Release|Any CPU
		{01736A77-E8C9-433F-BE83-67FC0266C59F}.Debug|Any CPU.ActiveCfg = Debug|Any CPU
		{01736A77-E8C9-433F-BE83-67FC0266C59F}.Debug|Any CPU.Build.0 = Debug|Any CPU
		{01736A77-E8C9-433F-BE83-67FC0266C59F}.Release|Any CPU.ActiveCfg = Release|Any CPU
		{01736A77-E8C9-433F-BE83-67FC0266C59F}.Release|Any CPU.Build.0 = Release|Any CPU
		{8381309B-26E9-48B8-9611-CC420139E0A2}.Debug|Any CPU.ActiveCfg = Debug|Any CPU
		{8381309B-26E9-48B8-9611-CC420139E0A2}.Debug|Any CPU.Build.0 = Debug|Any CPU
		{8381309B-26E9-48B8-9611-CC420139E0A2}.Release|Any CPU.ActiveCfg = Release|Any CPU
		{8381309B-26E9-48B8-9611-CC420139E0A2}.Release|Any CPU.Build.0 = Release|Any CPU
	EndGlobalSection
	GlobalSection(SolutionProperties) = preSolution
		HideSolutionNode = FALSE
	EndGlobalSection
EndGlobal
